
Microsoft Visual Studio Solution File, Format Version 12.00
# Visual Studio Version 16
VisualStudioVersion = 16.0.31515.178
MinimumVisualStudioVersion = 10.0.40219.1
Project("{FAE04EC0-301F-11D3-BF4B-00C04F79EFBC}") = "ex10_Controller", "ex10_Controller\ex10_Controller.csproj", "{133A967B-A4B9-4DAD-8A56-A4E3AA037C90}"
EndProject
Global
	GlobalSection(SolutionConfigurationPlatforms) = preSolution
		Debug|Any CPU = Debug|Any CPU
		Release|Any CPU = Release|Any CPU
	EndGlobalSection
	GlobalSection(ProjectConfigurationPlatforms) = postSolution
		{133A967B-A4B9-4DAD-8A56-A4E3AA037C90}.Debug|Any CPU.ActiveCfg = Debug|Any CPU
		{133A967B-A4B9-4DAD-8A56-A4E3AA037C90}.Debug|Any CPU.Build.0 = Debug|Any CPU
		{133A967B-A4B9-4DAD-8A56-A4E3AA037C90}.Release|Any CPU.ActiveCfg = Release|Any CPU
		{133A967B-A4B9-4DAD-8A56-A4E3AA037C90}.Release|Any CPU.Build.0 = Release|Any CPU
	EndGlobalSection
	GlobalSection(SolutionProperties) = preSolution
		HideSolutionNode = FALSE
	EndGlobalSection
	GlobalSection(ExtensibilityGlobals) = postSolution
		SolutionGuid = {9A71BB72-2138-4A48-9E9C-FA3767D4A84A}
	EndGlobalSection
EndGlobal
